
Microsoft Visual Studio Solution File, Format Version 12.00
# Visual Studio Version 17
VisualStudioVersion = 17.0.31808.319
MinimumVisualStudioVersion = 10.0.40219.1
Project("{9A19103F-16F7-4668-BE54-9A1E7A4F7556}") = "KMSakura", "KMSakura\KMSakura.csproj", "{804905BE-5964-448B-A374-B82FCA876131}"
EndProject
Project("{9A19103F-16F7-4668-BE54-9A1E7A4F7556}") = "KMSakuraLib", "KMSakuraLib\KMSakuraLib.csproj", "{491845A1-6091-4E72-B83D-5495FCD21FE0}"
EndProject
Project("{9A19103F-16F7-4668-BE54-9A1E7A4F7556}") = "Mirai-CSharp", "..\MiraiCsharp\Mirai-CSharp\Mirai-CSharp.csproj", "{D8FAC841-D619-42CB-8211-2BB3FDEF4BE9}"
EndProject
Project("{9A19103F-16F7-4668-BE54-9A1E7A4F7556}") = "Mirai-CSharp.HttpApi", "..\MiraiCsharp\Mirai-CSharp.HttpApi\Mirai-CSharp.HttpApi.csproj", "{03B51BAE-DADA-470B-94A5-DE67064A7C3E}"
EndProject
Project("{2150E333-8FDC-42A3-9474-1A3956D46DE8}") = "Solution Items", "Solution Items", "{2C04C5FF-6427-4D80-9C11-57B082424251}"
	ProjectSection(SolutionItems) = preProject
		.editorconfig = .editorconfig
	EndProjectSection
EndProject
Global
	GlobalSection(SolutionConfigurationPlatforms) = preSolution
		Debug|Any CPU = Debug|Any CPU
		Release|Any CPU = Release|Any CPU
	EndGlobalSection
	GlobalSection(ProjectConfigurationPlatforms) = postSolution
		{804905BE-5964-448B-A374-B82FCA876131}.Debug|Any CPU.ActiveCfg = Debug|Any CPU
		{804905BE-5964-448B-A374-B82FCA876131}.Debug|Any CPU.Build.0 = Debug|Any CPU
		{804905BE-5964-448B-A374-B82FCA876131}.Release|Any CPU.ActiveCfg = Release|Any CPU
		{804905BE-5964-448B-A374-B82FCA876131}.Release|Any CPU.Build.0 = Release|Any CPU
		{491845A1-6091-4E72-B83D-5495FCD21FE0}.Debug|Any CPU.ActiveCfg = Debug|Any CPU
		{491845A1-6091-4E72-B83D-5495FCD21FE0}.Debug|Any CPU.Build.0 = Debug|Any CPU
		{491845A1-6091-4E72-B83D-5495FCD21FE0}.Release|Any CPU.ActiveCfg = Release|Any CPU
		{491845A1-6091-4E72-B83D-5495FCD21FE0}.Release|Any CPU.Build.0 = Release|Any CPU
		{D8FAC841-D619-42CB-8211-2BB3FDEF4BE9}.Debug|Any CPU.ActiveCfg = Debug|Any CPU
		{D8FAC841-D619-42CB-8211-2BB3FDEF4BE9}.Debug|Any CPU.Build.0 = Debug|Any CPU
		{D8FAC841-D619-42CB-8211-2BB3FDEF4BE9}.Release|Any CPU.ActiveCfg = Release|Any CPU
		{D8FAC841-D619-42CB-8211-2BB3FDEF4BE9}.Release|Any CPU.Build.0 = Release|Any CPU
		{03B51BAE-DADA-470B-94A5-DE67064A7C3E}.Debug|Any CPU.ActiveCfg = Debug|Any CPU
		{03B51BAE-DADA-470B-94A5-DE67064A7C3E}.Debug|Any CPU.Build.0 = Debug|Any CPU
		{03B51BAE-DADA-470B-94A5-DE67064A7C3E}.Release|Any CPU.ActiveCfg = Release|Any CPU
		{03B51BAE-DADA-470B-94A5-DE67064A7C3E}.Release|Any CPU.Build.0 = Release|Any CPU
	EndGlobalSection
	GlobalSection(SolutionProperties) = preSolution
		HideSolutionNode = FALSE
	EndGlobalSection
	GlobalSection(ExtensibilityGlobals) = postSolution
		SolutionGuid = {69B0B653-05F7-472C-A59C-FCBE309A6236}
	EndGlobalSection
EndGlobal
